
Microsoft Visual Studio Solution File, Format Version 12.00
# Visual Studio 15
VisualStudioVersion = 15.0.28307.902
MinimumVisualStudioVersion = 10.0.40219.1
Project("{C7167F0D-BC9F-4E6E-AFE1-012C56B48DB5}") = "ModularAppExperiment", "ModularAppExperiment\ModularAppExperiment.wapproj", "{C3ADBD44-DA1E-4026-82A4-FD99D848AE8A}"
EndProject
Project("{FAE04EC0-301F-11D3-BF4B-00C04F79EFBC}") = "WinFormsMod", "WinFormsMod\WinFormsMod.csproj", "{95318E3F-E139-4C14-ADA1-0EF3B6B155B7}"
EndProject
Project("{FAE04EC0-301F-11D3-BF4B-00C04F79EFBC}") = "PluginInterface", "PluginInterface\PluginInterface.csproj", "{14DDE220-3A7F-4129-9DC6-66B5F19DAA42}"
EndProject
Project("{FAE04EC0-301F-11D3-BF4B-00C04F79EFBC}") = "ExportDataPluginLib", "ExportDataPluginLib\ExportDataPluginLib.csproj", "{E9A75963-EF13-49C8-859F-99C24B922B35}"
EndProject
Project("{2150E333-8FDC-42A3-9474-1A3956D46DE8}") = "Plugins", "Plugins", "{0960EDC5-1DEE-44B4-B4D8-E361FFA0FA7F}"
EndProject
Project("{2150E333-8FDC-42A3-9474-1A3956D46DE8}") = "MainApp", "MainApp", "{B6B3D5A9-8A29-45DA-B393-CD6FD8B9A3F5}"
EndProject
Project("{2150E333-8FDC-42A3-9474-1A3956D46DE8}") = "Package", "Package", "{701BC2CA-CFDF-43F4-BAB7-9A309B9B2727}"
EndProject
Project("{2150E333-8FDC-42A3-9474-1A3956D46DE8}") = "Package", "Package", "{515D1E6B-5A86-4D08-B4DF-25F205E895F2}"
EndProject
Project("{C7167F0D-BC9F-4E6E-AFE1-012C56B48DB5}") = "ExportDataPluginpackage", "ExportDataPluginpackage\ExportDataPluginpackage.wapproj", "{3CF160EF-2F14-4395-A4D8-C29CAF71B91D}"
EndProject
Global
	GlobalSection(SolutionConfigurationPlatforms) = preSolution
		Debug|Any CPU = Debug|Any CPU
		Debug|ARM = Debug|ARM
		Debug|ARM64 = Debug|ARM64
		Debug|x64 = Debug|x64
		Debug|x86 = Debug|x86
		Release|Any CPU = Release|Any CPU
		Release|ARM = Release|ARM
		Release|ARM64 = Release|ARM64
		Release|x64 = Release|x64
		Release|x86 = Release|x86
	EndGlobalSection
	GlobalSection(ProjectConfigurationPlatforms) = postSolution
		{C3ADBD44-DA1E-4026-82A4-FD99D848AE8A}.Debug|Any CPU.ActiveCfg = Debug|Any CPU
		{C3ADBD44-DA1E-4026-82A4-FD99D848AE8A}.Debug|Any CPU.Build.0 = Debug|Any CPU
		{C3ADBD44-DA1E-4026-82A4-FD99D848AE8A}.Debug|Any CPU.Deploy.0 = Debug|Any CPU
		{C3ADBD44-DA1E-4026-82A4-FD99D848AE8A}.Debug|ARM.ActiveCfg = Debug|ARM
		{C3ADBD44-DA1E-4026-82A4-FD99D848AE8A}.Debug|ARM.Build.0 = Debug|ARM
		{C3ADBD44-DA1E-4026-82A4-FD99D848AE8A}.Debug|ARM.Deploy.0 = Debug|ARM
		{C3ADBD44-DA1E-4026-82A4-FD99D848AE8A}.Debug|ARM64.ActiveCfg = Debug|ARM64
		{C3ADBD44-DA1E-4026-82A4-FD99D848AE8A}.Debug|ARM64.Build.0 = Debug|ARM64
		{C3ADBD44-DA1E-4026-82A4-FD99D848AE8A}.Debug|ARM64.Deploy.0 = Debug|ARM64
		{C3ADBD44-DA1E-4026-82A4-FD99D848AE8A}.Debug|x64.ActiveCfg = Debug|x64
		{C3ADBD44-DA1E-4026-82A4-FD99D848AE8A}.Debug|x64.Build.0 = Debug|x64
		{C3ADBD44-DA1E-4026-82A4-FD99D848AE8A}.Debug|x64.Deploy.0 = Debug|x64
		{C3ADBD44-DA1E-4026-82A4-FD99D848AE8A}.Debug|x86.ActiveCfg = Debug|x86
		{C3ADBD44-DA1E-4026-82A4-FD99D848AE8A}.Debug|x86.Build.0 = Debug|x86
		{C3ADBD44-DA1E-4026-82A4-FD99D848AE8A}.Debug|x86.Deploy.0 = Debug|x86
		{C3ADBD44-DA1E-4026-82A4-FD99D848AE8A}.Release|Any CPU.ActiveCfg = Release|Any CPU
		{C3ADBD44-DA1E-4026-82A4-FD99D848AE8A}.Release|Any CPU.Build.0 = Release|Any CPU
		{C3ADBD44-DA1E-4026-82A4-FD99D848AE8A}.Release|Any CPU.Deploy.0 = Release|Any CPU
		{C3ADBD44-DA1E-4026-82A4-FD99D848AE8A}.Release|ARM.ActiveCfg = Release|ARM
		{C3ADBD44-DA1E-4026-82A4-FD99D848AE8A}.Release|ARM.Build.0 = Release|ARM
		{C3ADBD44-DA1E-4026-82A4-FD99D848AE8A}.Release|ARM.Deploy.0 = Release|ARM
		{C3ADBD44-DA1E-4026-82A4-FD99D848AE8A}.Release|ARM64.ActiveCfg = Release|ARM64
		{C3ADBD44-DA1E-4026-82A4-FD99D848AE8A}.Release|ARM64.Build.0 = Release|ARM64
		{C3ADBD44-DA1E-4026-82A4-FD99D848AE8A}.Release|ARM64.Deploy.0 = Release|ARM64
		{C3ADBD44-DA1E-4026-82A4-FD99D848AE8A}.Release|x64.ActiveCfg = Release|x64
		{C3ADBD44-DA1E-4026-82A4-FD99D848AE8A}.Release|x64.Build.0 = Release|x64
		{C3ADBD44-DA1E-4026-82A4-FD99D848AE8A}.Release|x64.Deploy.0 = Release|x64
		{C3ADBD44-DA1E-4026-82A4-FD99D848AE8A}.Release|x86.ActiveCfg = Release|x86
		{C3ADBD44-DA1E-4026-82A4-FD99D848AE8A}.Release|x86.Build.0 = Release|x86
		{C3ADBD44-DA1E-4026-82A4-FD99D848AE8A}.Release|x86.Deploy.0 = Release|x86
		{95318E3F-E139-4C14-ADA1-0EF3B6B155B7}.Debug|Any CPU.ActiveCfg = Debug|Any CPU
		{95318E3F-E139-4C14-ADA1-0EF3B6B155B7}.Debug|Any CPU.Build.0 = Debug|Any CPU
		{95318E3F-E139-4C14-ADA1-0EF3B6B155B7}.Debug|ARM.ActiveCfg = Debug|Any CPU
		{95318E3F-E139-4C14-ADA1-0EF3B6B155B7}.Debug|ARM.Build.0 = Debug|Any CPU
		{95318E3F-E139-4C14-ADA1-0EF3B6B155B7}.Debug|ARM64.ActiveCfg = Debug|Any CPU
		{95318E3F-E139-4C14-ADA1-0EF3B6B155B7}.Debug|ARM64.Build.0 = Debug|Any CPU
		{95318E3F-E139-4C14-ADA1-0EF3B6B155B7}.Debug|x64.ActiveCfg = Debug|Any CPU
		{95318E3F-E139-4C14-ADA1-0EF3B6B155B7}.Debug|x64.Build.0 = Debug|Any CPU
		{95318E3F-E139-4C14-ADA1-0EF3B6B155B7}.Debug|x86.ActiveCfg = Debug|Any CPU
		{95318E3F-E139-4C14-ADA1-0EF3B6B155B7}.Debug|x86.Build.0 = Debug|Any CPU
		{95318E3F-E139-4C14-ADA1-0EF3B6B155B7}.Release|Any CPU.ActiveCfg = Release|Any CPU
		{95318E3F-E139-4C14-ADA1-0EF3B6B155B7}.Release|Any CPU.Build.0 = Release|Any CPU
		{95318E3F-E139-4C14-ADA1-0EF3B6B155B7}.Release|ARM.ActiveCfg = Release|Any CPU
		{95318E3F-E139-4C14-ADA1-0EF3B6B155B7}.Release|ARM.Build.0 = Release|Any CPU
		{95318E3F-E139-4C14-ADA1-0EF3B6B155B7}.Release|ARM64.ActiveCfg = Release|Any CPU
		{95318E3F-E139-4C14-ADA1-0EF3B6B155B7}.Release|ARM64.Build.0 = Release|Any CPU
		{95318E3F-E139-4C14-ADA1-0EF3B6B155B7}.Release|x64.ActiveCfg = Release|Any CPU
		{95318E3F-E139-4C14-ADA1-0EF3B6B155B7}.Release|x64.Build.0 = Release|Any CPU
		{95318E3F-E139-4C14-ADA1-0EF3B6B155B7}.Release|x86.ActiveCfg = Release|Any CPU
		{95318E3F-E139-4C14-ADA1-0EF3B6B155B7}.Release|x86.Build.0 = Release|Any CPU
		{14DDE220-3A7F-4129-9DC6-66B5F19DAA42}.Debug|Any CPU.ActiveCfg = Debug|Any CPU
		{14DDE220-3A7F-4129-9DC6-66B5F19DAA42}.Debug|Any CPU.Build.0 = Debug|Any CPU
		{14DDE220-3A7F-4129-9DC6-66B5F19DAA42}.Debug|ARM.ActiveCfg = Debug|Any CPU
		{14DDE220-3A7F-4129-9DC6-66B5F19DAA42}.Debug|ARM.Build.0 = Debug|Any CPU
		{14DDE220-3A7F-4129-9DC6-66B5F19DAA42}.Debug|ARM64.ActiveCfg = Debug|Any CPU
		{14DDE220-3A7F-4129-9DC6-66B5F19DAA42}.Debug|ARM64.Build.0 = Debug|Any CPU
		{14DDE220-3A7F-4129-9DC6-66B5F19DAA42}.Debug|x64.ActiveCfg = Debug|Any CPU
		{14DDE220-3A7F-4129-9DC6-66B5F19DAA42}.Debug|x64.Build.0 = Debug|Any CPU
		{14DDE220-3A7F-4129-9DC6-66B5F19DAA42}.Debug|x86.ActiveCfg = Debug|Any CPU
		{14DDE220-3A7F-4129-9DC6-66B5F19DAA42}.Debug|x86.Build.0 = Debug|Any CPU
		{14DDE220-3A7F-4129-9DC6-66B5F19DAA42}.Release|Any CPU.ActiveCfg = Release|Any CPU
		{14DDE220-3A7F-4129-9DC6-66B5F19DAA42}.Release|Any CPU.Build.0 = Release|Any CPU
		{14DDE220-3A7F-4129-9DC6-66B5F19DAA42}.Release|ARM.ActiveCfg = Release|Any CPU
		{14DDE220-3A7F-4129-9DC6-66B5F19DAA42}.Release|ARM.Build.0 = Release|Any CPU
		{14DDE220-3A7F-4129-9DC6-66B5F19DAA42}.Release|ARM64.ActiveCfg = Release|Any CPU
		{14DDE220-3A7F-4129-9DC6-66B5F19DAA42}.Release|ARM64.Build.0 = Release|Any CPU
		{14DDE220-3A7F-4129-9DC6-66B5F19DAA42}.Release|x64.ActiveCfg = Release|Any CPU
		{14DDE220-3A7F-4129-9DC6-66B5F19DAA42}.Release|x64.Build.0 = Release|Any CPU
		{14DDE220-3A7F-4129-9DC6-66B5F19DAA42}.Release|x86.ActiveCfg = Release|Any CPU
		{14DDE220-3A7F-4129-9DC6-66B5F19DAA42}.Release|x86.Build.0 = Release|Any CPU
		{E9A75963-EF13-49C8-859F-99C24B922B35}.Debug|Any CPU.ActiveCfg = Debug|Any CPU
		{E9A75963-EF13-49C8-859F-99C24B922B35}.Debug|Any CPU.Build.0 = Debug|Any CPU
		{E9A75963-EF13-49C8-859F-99C24B922B35}.Debug|ARM.ActiveCfg = Debug|Any CPU
		{E9A75963-EF13-49C8-859F-99C24B922B35}.Debug|ARM.Build.0 = Debug|Any CPU
		{E9A75963-EF13-49C8-859F-99C24B922B35}.Debug|ARM64.ActiveCfg = Debug|Any CPU
		{E9A75963-EF13-49C8-859F-99C24B922B35}.Debug|ARM64.Build.0 = Debug|Any CPU
		{E9A75963-EF13-49C8-859F-99C24B922B35}.Debug|x64.ActiveCfg = Debug|Any CPU
		{E9A75963-EF13-49C8-859F-99C24B922B35}.Debug|x64.Build.0 = Debug|Any CPU
		{E9A75963-EF13-49C8-859F-99C24B922B35}.Debug|x86.ActiveCfg = Debug|Any CPU
		{E9A75963-EF13-49C8-859F-99C24B922B35}.Debug|x86.Build.0 = Debug|Any CPU
		{E9A75963-EF13-49C8-859F-99C24B922B35}.Release|Any CPU.ActiveCfg = Release|Any CPU
		{E9A75963-EF13-49C8-859F-99C24B922B35}.Release|Any CPU.Build.0 = Release|Any CPU
		{E9A75963-EF13-49C8-859F-99C24B922B35}.Release|ARM.ActiveCfg = Release|Any CPU
		{E9A75963-EF13-49C8-859F-99C24B922B35}.Release|ARM.Build.0 = Release|Any CPU
		{E9A75963-EF13-49C8-859F-99C24B922B35}.Release|ARM64.ActiveCfg = Release|Any CPU
		{E9A75963-EF13-49C8-859F-99C24B922B35}.Release|ARM64.Build.0 = Release|Any CPU
		{E9A75963-EF13-49C8-859F-99C24B922B35}.Release|x64.ActiveCfg = Release|Any CPU
		{E9A75963-EF13-49C8-859F-99C24B922B35}.Release|x64.Build.0 = Release|Any CPU
		{E9A75963-EF13-49C8-859F-99C24B922B35}.Release|x86.ActiveCfg = Release|Any CPU
		{E9A75963-EF13-49C8-859F-99C24B922B35}.Release|x86.Build.0 = Release|Any CPU
		{3CF160EF-2F14-4395-A4D8-C29CAF71B91D}.Debug|Any CPU.ActiveCfg = Debug|Any CPU
		{3CF160EF-2F14-4395-A4D8-C29CAF71B91D}.Debug|Any CPU.Build.0 = Debug|Any CPU
		{3CF160EF-2F14-4395-A4D8-C29CAF71B91D}.Debug|Any CPU.Deploy.0 = Debug|Any CPU
		{3CF160EF-2F14-4395-A4D8-C29CAF71B91D}.Debug|ARM.ActiveCfg = Debug|Any CPU
		{3CF160EF-2F14-4395-A4D8-C29CAF71B91D}.Debug|ARM.Build.0 = Debug|Any CPU
		{3CF160EF-2F14-4395-A4D8-C29CAF71B91D}.Debug|ARM.Deploy.0 = Debug|Any CPU
		{3CF160EF-2F14-4395-A4D8-C29CAF71B91D}.Debug|ARM64.ActiveCfg = Debug|Any CPU
		{3CF160EF-2F14-4395-A4D8-C29CAF71B91D}.Debug|ARM64.Build.0 = Debug|Any CPU
		{3CF160EF-2F14-4395-A4D8-C29CAF71B91D}.Debug|ARM64.Deploy.0 = Debug|Any CPU
		{3CF160EF-2F14-4395-A4D8-C29CAF71B91D}.Debug|x64.ActiveCfg = Debug|x64
		{3CF160EF-2F14-4395-A4D8-C29CAF71B91D}.Debug|x64.Build.0 = Debug|x64
		{3CF160EF-2F14-4395-A4D8-C29CAF71B91D}.Debug|x64.Deploy.0 = Debug|x64
		{3CF160EF-2F14-4395-A4D8-C29CAF71B91D}.Debug|x86.ActiveCfg = Debug|x86
		{3CF160EF-2F14-4395-A4D8-C29CAF71B91D}.Debug|x86.Build.0 = Debug|x86
		{3CF160EF-2F14-4395-A4D8-C29CAF71B91D}.Debug|x86.Deploy.0 = Debug|x86
		{3CF160EF-2F14-4395-A4D8-C29CAF71B91D}.Release|Any CPU.ActiveCfg = Release|Any CPU
		{3CF160EF-2F14-4395-A4D8-C29CAF71B91D}.Release|Any CPU.Build.0 = Release|Any CPU
		{3CF160EF-2F14-4395-A4D8-C29CAF71B91D}.Release|Any CPU.Deploy.0 = Release|Any CPU
		{3CF160EF-2F14-4395-A4D8-C29CAF71B91D}.Release|ARM.ActiveCfg = Release|Any CPU
		{3CF160EF-2F14-4395-A4D8-C29CAF71B91D}.Release|ARM.Build.0 = Release|Any CPU
		{3CF160EF-2F14-4395-A4D8-C29CAF71B91D}.Release|ARM.Deploy.0 = Release|Any CPU
		{3CF160EF-2F14-4395-A4D8-C29CAF71B91D}.Release|ARM64.ActiveCfg = Release|Any CPU
		{3CF160EF-2F14-4395-A4D8-C29CAF71B91D}.Release|ARM64.Build.0 = Release|Any CPU
		{3CF160EF-2F14-4395-A4D8-C29CAF71B91D}.Release|ARM64.Deploy.0 = Release|Any CPU
		{3CF160EF-2F14-4395-A4D8-C29CAF71B91D}.Release|x64.ActiveCfg = Release|x64
		{3CF160EF-2F14-4395-A4D8-C29CAF71B91D}.Release|x64.Build.0 = Release|x64
		{3CF160EF-2F14-4395-A4D8-C29CAF71B91D}.Release|x64.Deploy.0 = Release|x64
		{3CF160EF-2F14-4395-A4D8-C29CAF71B91D}.Release|x86.ActiveCfg = Release|x86
		{3CF160EF-2F14-4395-A4D8-C29CAF71B91D}.Release|x86.Build.0 = Release|x86
		{3CF160EF-2F14-4395-A4D8-C29CAF71B91D}.Release|x86.Deploy.0 = Release|x86
	EndGlobalSection
	GlobalSection(SolutionProperties) = preSolution
		HideSolutionNode = FALSE
	EndGlobalSection
	GlobalSection(NestedProjects) = preSolution
		{C3ADBD44-DA1E-4026-82A4-FD99D848AE8A} = {701BC2CA-CFDF-43F4-BAB7-9A309B9B2727}
		{95318E3F-E139-4C14-ADA1-0EF3B6B155B7} = {B6B3D5A9-8A29-45DA-B393-CD6FD8B9A3F5}
		{14DDE220-3A7F-4129-9DC6-66B5F19DAA42} = {B6B3D5A9-8A29-45DA-B393-CD6FD8B9A3F5}
		{E9A75963-EF13-49C8-859F-99C24B922B35} = {0960EDC5-1DEE-44B4-B4D8-E361FFA0FA7F}
		{701BC2CA-CFDF-43F4-BAB7-9A309B9B2727} = {B6B3D5A9-8A29-45DA-B393-CD6FD8B9A3F5}
		{515D1E6B-5A86-4D08-B4DF-25F205E895F2} = {0960EDC5-1DEE-44B4-B4D8-E361FFA0FA7F}
		{3CF160EF-2F14-4395-A4D8-C29CAF71B91D} = {515D1E6B-5A86-4D08-B4DF-25F205E895F2}
	EndGlobalSection
	GlobalSection(ExtensibilityGlobals) = postSolution
		SolutionGuid = {5D393393-B9F0-4419-AC50-1459D75896C2}
	EndGlobalSection
EndGlobal
